
Microsoft Visual Studio Solution File, Format Version 12.00
# Visual Studio Version 16
VisualStudioVersion = 16.0.30517.126
MinimumVisualStudioVersion = 10.0.40219.1
Project("{FAE04EC0-301F-11D3-BF4B-00C04F79EFBC}") = "commevousvoulez", "commevousvoulez\commevousvoulez.csproj", "{9E64E773-B4AC-42DF-9FEB-38EC5FAA316C}"
EndProject
Global
	GlobalSection(SolutionConfigurationPlatforms) = preSolution
		Debug|Any CPU = Debug|Any CPU
		Release|Any CPU = Release|Any CPU
	EndGlobalSection
	GlobalSection(ProjectConfigurationPlatforms) = postSolution
		{9E64E773-B4AC-42DF-9FEB-38EC5FAA316C}.Debug|Any CPU.ActiveCfg = Debug|Any CPU
		{9E64E773-B4AC-42DF-9FEB-38EC5FAA316C}.Debug|Any CPU.Build.0 = Debug|Any CPU
		{9E64E773-B4AC-42DF-9FEB-38EC5FAA316C}.Release|Any CPU.ActiveCfg = Release|Any CPU
		{9E64E773-B4AC-42DF-9FEB-38EC5FAA316C}.Release|Any CPU.Build.0 = Release|Any CPU
	EndGlobalSection
	GlobalSection(SolutionProperties) = preSolution
		HideSolutionNode = FALSE
	EndGlobalSection
	GlobalSection(ExtensibilityGlobals) = postSolution
		SolutionGuid = {83B2CA57-3F4B-42BF-9D45-493E87DCBF57}
	EndGlobalSection
EndGlobal
